
Microsoft Visual Studio Solution File, Format Version 12.00
# Visual Studio 15
VisualStudioVersion = 15.0.28010.2003
MinimumVisualStudioVersion = 10.0.40219.1
Project("{FAE04EC0-301F-11D3-BF4B-00C04F79EFBC}") = "ThreadingCSharp", "ThreadingCSharp\ThreadingCSharp.csproj", "{BD0785C1-91E7-42E2-AC08-96E881686966}"
EndProject
Global
	GlobalSection(SolutionConfigurationPlatforms) = preSolution
		Debug|Any CPU = Debug|Any CPU
		Release|Any CPU = Release|Any CPU
	EndGlobalSection
	GlobalSection(ProjectConfigurationPlatforms) = postSolution
		{BD0785C1-91E7-42E2-AC08-96E881686966}.Debug|Any CPU.ActiveCfg = Debug|Any CPU
		{BD0785C1-91E7-42E2-AC08-96E881686966}.Debug|Any CPU.Build.0 = Debug|Any CPU
		{BD0785C1-91E7-42E2-AC08-96E881686966}.Release|Any CPU.ActiveCfg = Release|Any CPU
		{BD0785C1-91E7-42E2-AC08-96E881686966}.Release|Any CPU.Build.0 = Release|Any CPU
	EndGlobalSection
	GlobalSection(SolutionProperties) = preSolution
		HideSolutionNode = FALSE
	EndGlobalSection
	GlobalSection(ExtensibilityGlobals) = postSolution
		SolutionGuid = {3BDFCB39-F533-4B7D-81E0-205F6E29E4A4}
	EndGlobalSection
EndGlobal
